{
    "_readme": [
        "This file locks the dependencies of your project to a known state",
        "Read more about it at https://getcomposer.org/doc/01-basic-usage.md#installing-dependencies",
        "This file is @generated automatically"
    ],
    "content-hash": "b28f9095ccec459f454614be16e4bd44",
    "packages": [
        {
            "name": "nicmart/tree",
            "version": "0.4.0",
            "source": {
                "type": "git",
                "url": "https://github.com/nicmart/Tree.git",
                "reference": "e992740d9ee7975c3fc324ddaafaf63b21e17704"
            },
            "dist": {
                "type": "zip",
                "url": "https://api.github.com/repos/nicmart/Tree/zipball/e992740d9ee7975c3fc324ddaafaf63b21e17704",
                "reference": "e992740d9ee7975c3fc324ddaafaf63b21e17704",
                "shasum": ""
            },
            "require": {
                "php": "^7.2 || ^8.0"
            },
            "require-dev": {
                "ergebnis/composer-normalize": "^2.19.0",
                "ergebnis/license": "^1.1.0",
                "ergebnis/php-cs-fixer-config": "^2.14.0",
                "phpunit/phpunit": "^8.5.30",
                "psalm/plugin-phpunit": "~0.17.0",
                "vimeo/psalm": "^4.27.0"
            },
            "type": "library",
            "autoload": {
                "psr-4": {
                    "Tree\\": "src/"
                }
            },
            "notification-url": "https://packagist.org/downloads/",
            "license": [
                "MIT"
            ],
            "authors": [
                {
                    "name": "Nicolò Martini",
                    "email": "nicmartnic@gmail.com"
                }
            ],
            "description": "A basic but flexible php tree data structure and a fluent tree builder implementation.",
            "support": {
                "issues": "https://github.com/nicmart/Tree/issues",
                "source": "https://github.com/nicmart/Tree/tree/0.4.0"
            },
            "time": "2022-10-04T14:33:50+00:00"
        }
    ],
    "packages-dev": [],
    "aliases": [],
    "minimum-stability": "stable",
    "stability-flags": [],
    "prefer-stable": false,
    "prefer-lowest": false,
    "platform": [],
    "platform-dev": [],
    "plugin-api-version": "2.3.0"
}
